
Microsoft Visual Studio Solution File, Format Version 12.00
# Visual Studio Version 16
VisualStudioVersion = 16.0.29613.14
MinimumVisualStudioVersion = 10.0.40219.1
Project("{FAE04EC0-301F-11D3-BF4B-00C04F79EFBC}") = "NT1B-wAuthentication", "NT1B-wAuthentication\NT1B-wAuthentication.csproj", "{9D2016EB-BE6D-44DE-ACC9-3A034C1EB225}"
EndProject
Project("{FAE04EC0-301F-11D3-BF4B-00C04F79EFBC}") = "NT1B-Console", "NT1B-Console\NT1B-Console.csproj", "{93129F7B-A65B-45B3-8190-A8886A3AEB99}"
EndProject
Global
	GlobalSection(SolutionConfigurationPlatforms) = preSolution
		Debug|Any CPU = Debug|Any CPU
		Release|Any CPU = Release|Any CPU
	EndGlobalSection
	GlobalSection(ProjectConfigurationPlatforms) = postSolution
		{9D2016EB-BE6D-44DE-ACC9-3A034C1EB225}.Debug|Any CPU.ActiveCfg = Debug|Any CPU
		{9D2016EB-BE6D-44DE-ACC9-3A034C1EB225}.Debug|Any CPU.Build.0 = Debug|Any CPU
		{9D2016EB-BE6D-44DE-ACC9-3A034C1EB225}.Release|Any CPU.ActiveCfg = Release|Any CPU
		{9D2016EB-BE6D-44DE-ACC9-3A034C1EB225}.Release|Any CPU.Build.0 = Release|Any CPU
		{93129F7B-A65B-45B3-8190-A8886A3AEB99}.Debug|Any CPU.ActiveCfg = Debug|Any CPU
		{93129F7B-A65B-45B3-8190-A8886A3AEB99}.Debug|Any CPU.Build.0 = Debug|Any CPU
		{93129F7B-A65B-45B3-8190-A8886A3AEB99}.Release|Any CPU.ActiveCfg = Release|Any CPU
		{93129F7B-A65B-45B3-8190-A8886A3AEB99}.Release|Any CPU.Build.0 = Release|Any CPU
	EndGlobalSection
	GlobalSection(SolutionProperties) = preSolution
		HideSolutionNode = FALSE
	EndGlobalSection
	GlobalSection(ExtensibilityGlobals) = postSolution
		SolutionGuid = {1D6F0305-22C0-4F85-B052-2D960E768F78}
	EndGlobalSection
EndGlobal
